
Microsoft Visual Studio Solution File, Format Version 12.00
# Visual Studio Version 17
VisualStudioVersion = 17.5.33424.131
MinimumVisualStudioVersion = 10.0.40219.1
Project("{FAE04EC0-301F-11D3-BF4B-00C04F79EFBC}") = "AlemanGroupServices.API", "AlemanGroupServices.API\AlemanGroupServices.API.csproj", "{9A2B107F-93B2-47F1-A106-1645C80F7AC7}"
EndProject
Project("{FAE04EC0-301F-11D3-BF4B-00C04F79EFBC}") = "AlemanGroupServices.EF", "AlemanGroupServices.EF\AlemanGroupServices.EF.csproj", "{1C40420E-C4B7-480E-AA59-3D64F0B6C03C}"
EndProject
Project("{FAE04EC0-301F-11D3-BF4B-00C04F79EFBC}") = "AlemanGroupServices.Core", "AlemanGroupServices.Core\AlemanGroupServices.Core.csproj", "{177C7C02-DEF7-4D91-80E0-2C5B70EAC603}"
EndProject
Global
	GlobalSection(SolutionConfigurationPlatforms) = preSolution
		Debug|Any CPU = Debug|Any CPU
		Release|Any CPU = Release|Any CPU
	EndGlobalSection
	GlobalSection(ProjectConfigurationPlatforms) = postSolution
		{9A2B107F-93B2-47F1-A106-1645C80F7AC7}.Debug|Any CPU.ActiveCfg = Debug|Any CPU
		{9A2B107F-93B2-47F1-A106-1645C80F7AC7}.Debug|Any CPU.Build.0 = Debug|Any CPU
		{9A2B107F-93B2-47F1-A106-1645C80F7AC7}.Release|Any CPU.ActiveCfg = Release|Any CPU
		{9A2B107F-93B2-47F1-A106-1645C80F7AC7}.Release|Any CPU.Build.0 = Release|Any CPU
		{1C40420E-C4B7-480E-AA59-3D64F0B6C03C}.Debug|Any CPU.ActiveCfg = Debug|Any CPU
		{1C40420E-C4B7-480E-AA59-3D64F0B6C03C}.Debug|Any CPU.Build.0 = Debug|Any CPU
		{1C40420E-C4B7-480E-AA59-3D64F0B6C03C}.Release|Any CPU.ActiveCfg = Release|Any CPU
		{1C40420E-C4B7-480E-AA59-3D64F0B6C03C}.Release|Any CPU.Build.0 = Release|Any CPU
		{177C7C02-DEF7-4D91-80E0-2C5B70EAC603}.Debug|Any CPU.ActiveCfg = Debug|Any CPU
		{177C7C02-DEF7-4D91-80E0-2C5B70EAC603}.Debug|Any CPU.Build.0 = Debug|Any CPU
		{177C7C02-DEF7-4D91-80E0-2C5B70EAC603}.Release|Any CPU.ActiveCfg = Release|Any CPU
		{177C7C02-DEF7-4D91-80E0-2C5B70EAC603}.Release|Any CPU.Build.0 = Release|Any CPU
	EndGlobalSection
	GlobalSection(SolutionProperties) = preSolution
		HideSolutionNode = FALSE
	EndGlobalSection
	GlobalSection(ExtensibilityGlobals) = postSolution
		SolutionGuid = {0A573F21-0FFB-481A-A097-95A58961707D}
	EndGlobalSection
EndGlobal
